
Microsoft Visual Studio Solution File, Format Version 12.00
# Visual Studio Version 16
VisualStudioVersion = 16.0.31424.327
MinimumVisualStudioVersion = 10.0.40219.1
Project("{9A19103F-16F7-4668-BE54-9A1E7A4F7556}") = "Hello-World-App", "src\Hello-World-App.csproj", "{5B0E271E-E75A-4B85-BC0C-F71CC1E2DBBD}"
EndProject
Project("{2150E333-8FDC-42A3-9474-1A3956D46DE8}") = "src", "src", "{42DD11C9-7EB8-4836-B3EA-3C59AFD402C8}"
EndProject
Global
	GlobalSection(SolutionConfigurationPlatforms) = preSolution
		Debug|Any CPU = Debug|Any CPU
		Release|Any CPU = Release|Any CPU
	EndGlobalSection
	GlobalSection(ProjectConfigurationPlatforms) = postSolution
		{5B0E271E-E75A-4B85-BC0C-F71CC1E2DBBD}.Debug|Any CPU.ActiveCfg = Debug|Any CPU
		{5B0E271E-E75A-4B85-BC0C-F71CC1E2DBBD}.Debug|Any CPU.Build.0 = Debug|Any CPU
		{5B0E271E-E75A-4B85-BC0C-F71CC1E2DBBD}.Release|Any CPU.ActiveCfg = Release|Any CPU
		{5B0E271E-E75A-4B85-BC0C-F71CC1E2DBBD}.Release|Any CPU.Build.0 = Release|Any CPU
	EndGlobalSection
	GlobalSection(SolutionProperties) = preSolution
		HideSolutionNode = FALSE
	EndGlobalSection
	GlobalSection(NestedProjects) = preSolution
		{5B0E271E-E75A-4B85-BC0C-F71CC1E2DBBD} = {42DD11C9-7EB8-4836-B3EA-3C59AFD402C8}
	EndGlobalSection
	GlobalSection(ExtensibilityGlobals) = postSolution
		SolutionGuid = {F356FD11-92D2-492A-91D2-76172F929955}
	EndGlobalSection
EndGlobal
